
Microsoft Visual Studio Solution File, Format Version 12.00
# Visual Studio Version 17
VisualStudioVersion = 17.2.32526.322
MinimumVisualStudioVersion = 10.0.40219.1
Project("{F2A71F9B-5D33-465A-A702-920D77279786}") = "TestProject1", "TestProject1\TestProject1.fsproj", "{72916DE9-C2D3-42B5-850B-59B11DAF096A}"
EndProject
Global
	GlobalSection(SolutionConfigurationPlatforms) = preSolution
		Debug|Any CPU = Debug|Any CPU
		Release|Any CPU = Release|Any CPU
	EndGlobalSection
	GlobalSection(ProjectConfigurationPlatforms) = postSolution
		{72916DE9-C2D3-42B5-850B-59B11DAF096A}.Debug|Any CPU.ActiveCfg = Debug|Any CPU
		{72916DE9-C2D3-42B5-850B-59B11DAF096A}.Debug|Any CPU.Build.0 = Debug|Any CPU
		{72916DE9-C2D3-42B5-850B-59B11DAF096A}.Release|Any CPU.ActiveCfg = Release|Any CPU
		{72916DE9-C2D3-42B5-850B-59B11DAF096A}.Release|Any CPU.Build.0 = Release|Any CPU
	EndGlobalSection
	GlobalSection(SolutionProperties) = preSolution
		HideSolutionNode = FALSE
	EndGlobalSection
	GlobalSection(ExtensibilityGlobals) = postSolution
		SolutionGuid = {132880E4-4AFB-48E1-998F-6813BEA66C1D}
	EndGlobalSection
EndGlobal
